
Microsoft Visual Studio Solution File, Format Version 12.00
# Visual Studio Version 17
VisualStudioVersion = 17.12.35707.178 d17.12
MinimumVisualStudioVersion = 10.0.40219.1
Project("{FAE04EC0-301F-11D3-BF4B-00C04F79EFBC}") = "NameSorterAPI", "NameSorterAPI.csproj", "{2655E7E9-186D-411B-9E15-5CDF8AE0E4F4}"
EndProject
Project("{FAE04EC0-301F-11D3-BF4B-00C04F79EFBC}") = "NameSorter.Application", "NameSorter.Application\NameSorter.Application.csproj", "{5FABC96E-A60B-4365-9275-B34ED15D7B92}"
EndProject
Project("{FAE04EC0-301F-11D3-BF4B-00C04F79EFBC}") = "NameSorter.Domain", "NameSorter.Domain\NameSorter.Domain.csproj", "{23B2D3ED-86C1-407D-AE73-FEF8EC7CE31F}"
EndProject
Global
	GlobalSection(SolutionConfigurationPlatforms) = preSolution
		Debug|Any CPU = Debug|Any CPU
		Release|Any CPU = Release|Any CPU
	EndGlobalSection
	GlobalSection(ProjectConfigurationPlatforms) = postSolution
		{2655E7E9-186D-411B-9E15-5CDF8AE0E4F4}.Debug|Any CPU.ActiveCfg = Debug|Any CPU
		{2655E7E9-186D-411B-9E15-5CDF8AE0E4F4}.Debug|Any CPU.Build.0 = Debug|Any CPU
		{2655E7E9-186D-411B-9E15-5CDF8AE0E4F4}.Release|Any CPU.ActiveCfg = Release|Any CPU
		{2655E7E9-186D-411B-9E15-5CDF8AE0E4F4}.Release|Any CPU.Build.0 = Release|Any CPU
		{5FABC96E-A60B-4365-9275-B34ED15D7B92}.Debug|Any CPU.ActiveCfg = Debug|Any CPU
		{5FABC96E-A60B-4365-9275-B34ED15D7B92}.Debug|Any CPU.Build.0 = Debug|Any CPU
		{5FABC96E-A60B-4365-9275-B34ED15D7B92}.Release|Any CPU.ActiveCfg = Release|Any CPU
		{5FABC96E-A60B-4365-9275-B34ED15D7B92}.Release|Any CPU.Build.0 = Release|Any CPU
		{23B2D3ED-86C1-407D-AE73-FEF8EC7CE31F}.Debug|Any CPU.ActiveCfg = Debug|Any CPU
		{23B2D3ED-86C1-407D-AE73-FEF8EC7CE31F}.Debug|Any CPU.Build.0 = Debug|Any CPU
		{23B2D3ED-86C1-407D-AE73-FEF8EC7CE31F}.Release|Any CPU.ActiveCfg = Release|Any CPU
		{23B2D3ED-86C1-407D-AE73-FEF8EC7CE31F}.Release|Any CPU.Build.0 = Release|Any CPU
	EndGlobalSection
	GlobalSection(SolutionProperties) = preSolution
		HideSolutionNode = FALSE
	EndGlobalSection
EndGlobal
