
Microsoft Visual Studio Solution File, Format Version 12.00
# Visual Studio Version 17
VisualStudioVersion = 17.0.31903.59
MinimumVisualStudioVersion = 10.0.40219.1
Project("{FAE04EC0-301F-11D3-BF4B-00C04F79EFBC}") = "NameSorter.Domain", "NameSorter.Domain\NameSorter.Domain.csproj", "{5B43F6E3-2571-40A6-8BF6-30D3678FDAAE}"
EndProject
Project("{FAE04EC0-301F-11D3-BF4B-00C04F79EFBC}") = "NameSorter.Application", "NameSorter.Application\NameSorter.Application.csproj", "{F367BF06-7F43-410C-BB25-E622E8547C31}"
EndProject
Project("{FAE04EC0-301F-11D3-BF4B-00C04F79EFBC}") = "SorterAPI", "SorterAPI\SorterAPI.csproj", "{E27D9A34-AEB5-47B2-B374-6358A61C2247}"
EndProject
Global
	GlobalSection(SolutionConfigurationPlatforms) = preSolution
		Debug|Any CPU = Debug|Any CPU
		Release|Any CPU = Release|Any CPU
	EndGlobalSection
	GlobalSection(ProjectConfigurationPlatforms) = postSolution
		{5B43F6E3-2571-40A6-8BF6-30D3678FDAAE}.Debug|Any CPU.ActiveCfg = Debug|Any CPU
		{5B43F6E3-2571-40A6-8BF6-30D3678FDAAE}.Debug|Any CPU.Build.0 = Debug|Any CPU
		{5B43F6E3-2571-40A6-8BF6-30D3678FDAAE}.Release|Any CPU.ActiveCfg = Release|Any CPU
		{5B43F6E3-2571-40A6-8BF6-30D3678FDAAE}.Release|Any CPU.Build.0 = Release|Any CPU
		{F367BF06-7F43-410C-BB25-E622E8547C31}.Debug|Any CPU.ActiveCfg = Debug|Any CPU
		{F367BF06-7F43-410C-BB25-E622E8547C31}.Debug|Any CPU.Build.0 = Debug|Any CPU
		{F367BF06-7F43-410C-BB25-E622E8547C31}.Release|Any CPU.ActiveCfg = Release|Any CPU
		{F367BF06-7F43-410C-BB25-E622E8547C31}.Release|Any CPU.Build.0 = Release|Any CPU
		{E27D9A34-AEB5-47B2-B374-6358A61C2247}.Debug|Any CPU.ActiveCfg = Debug|Any CPU
		{E27D9A34-AEB5-47B2-B374-6358A61C2247}.Debug|Any CPU.Build.0 = Debug|Any CPU
		{E27D9A34-AEB5-47B2-B374-6358A61C2247}.Release|Any CPU.ActiveCfg = Release|Any CPU
		{E27D9A34-AEB5-47B2-B374-6358A61C2247}.Release|Any CPU.Build.0 = Release|Any CPU
	EndGlobalSection
	GlobalSection(SolutionProperties) = preSolution
		HideSolutionNode = FALSE
	EndGlobalSection
EndGlobal
